lockfileVersion: '6.0'

settings:
  autoInstallPeers: true
  excludeLinksFromLockfile: false

dependencies:
  dayjs:
    specifier: ^1.1.0
    version: 1.10.0

packages:

  /dayjs@1.10.0:
    resolution: {integrity: sha512-U/yusl5TQPvU1Tlhsu3A82Ebn4BNKHJMIk9AePYHCmGtTXcuPkODiEhkzqA8mnQ0bbgoR6+oha2ioZEewOiP2A==}
    dev: false
